{
  "version": "4",
  "specifiers": {
    "npm:@trpc/server@*": "10.45.2",
    "npm:drizzle-orm@*": "0.39.3_postgres@3.4.5",
    "npm:postgres@*": "3.4.5",
    "npm:zod@*": "3.24.2"
  },
  "npm": {
    "@trpc/server@10.45.2": {
      "integrity": "sha512-wOrSThNNE4HUnuhJG6PfDRp4L2009KDVxsd+2VYH8ro6o/7/jwYZ8Uu5j+VaW+mOmc8EHerHzGcdbGNQSAUPgg=="
    },
    "drizzle-orm@0.39.3_postgres@3.4.5": {
      "integrity": "sha512-EZ8ZpYvDIvKU9C56JYLOmUskazhad+uXZCTCRN4OnRMsL+xAJ05dv1eCpAG5xzhsm1hqiuC5kAZUCS924u2DTw==",
      "dependencies": [
        "postgres"
      ]
    },
    "postgres@3.4.5": {
      "integrity": "sha512-cDWgoah1Gez9rN3H4165peY9qfpEo+SA61oQv65O3cRUE1pOEoJWwddwcqKE8XZYjbblOJlYDlLV4h67HrEVDg=="
    },
    "zod@3.24.2": {
      "integrity": "sha512-lY7CDW43ECgW9u1TcT3IoXHflywfVqDYze4waEz812jR/bZ8FHDsl7pFQoSZTz5N+2NqRXs8GBwnAwo3ZNxqhQ=="
    }
  },
  "workspace": {
    "dependencies": [
      "npm:@trpc/server@*",
      "npm:drizzle-orm@*",
      "npm:postgres@*",
      "npm:zod@*"
    ]
  }
}
